
Microsoft Visual Studio Solution File, Format Version 12.00
# Visual Studio Version 17
VisualStudioVersion = 17.8.34525.116
MinimumVisualStudioVersion = 10.0.40219.1
Project("{FAE04EC0-301F-11D3-BF4B-00C04F79EFBC}") = "NavegadorWeb1", "NavegadorWeb1.csproj", "{803B0EC7-CBF5-4689-84AE-CE6EF54F9F18}"
EndProject
Global
	GlobalSection(SolutionConfigurationPlatforms) = preSolution
		Debug|Any CPU = Debug|Any CPU
		Release|Any CPU = Release|Any CPU
	EndGlobalSection
	GlobalSection(ProjectConfigurationPlatforms) = postSolution
		{803B0EC7-CBF5-4689-84AE-CE6EF54F9F18}.Debug|Any CPU.ActiveCfg = Debug|Any CPU
		{803B0EC7-CBF5-4689-84AE-CE6EF54F9F18}.Debug|Any CPU.Build.0 = Debug|Any CPU
		{803B0EC7-CBF5-4689-84AE-CE6EF54F9F18}.Release|Any CPU.ActiveCfg = Release|Any CPU
		{803B0EC7-CBF5-4689-84AE-CE6EF54F9F18}.Release|Any CPU.Build.0 = Release|Any CPU
	EndGlobalSection
	GlobalSection(SolutionProperties) = preSolution
		HideSolutionNode = FALSE
	EndGlobalSection
	GlobalSection(ExtensibilityGlobals) = postSolution
		SolutionGuid = {B512B8E5-E22E-4E54-AE10-93A9C5129760}
	EndGlobalSection
EndGlobal
